
Microsoft Visual Studio Solution File, Format Version 12.00
# Visual Studio Version 16
VisualStudioVersion = 16.0.31624.102
MinimumVisualStudioVersion = 10.0.40219.1
Project("{8BC9CEB8-8B4A-11D0-8D11-00A0C91BC942}") = "PerformanceCounterTest", "PerformanceCounterTest\PerformanceCounterTest.vcxproj", "{FBCE4FFE-9BDC-4765-B6F7-98EF574B6F9D}"
EndProject
Project("{8BC9CEB8-8B4A-11D0-8D11-00A0C91BC942}") = "KernelThreadTest", "KernelThreadTest\KernelThreadTest.vcxproj", "{AB96DEE0-E847-4599-839F-53D8FEBBF642}"
EndProject
Project("{8BC9CEB8-8B4A-11D0-8D11-00A0C91BC942}") = "MultiTimerTest", "MultiTimerTest\MultiTimerTest.vcxproj", "{AAB89327-74C6-4E19-A6FF-8B44CD1D4735}"
EndProject
Project("{8BC9CEB8-8B4A-11D0-8D11-00A0C91BC942}") = "HiResTimerTest", "HiResTimerTest\HiResTimerTest.vcxproj", "{171FBBF5-154E-4B59-B708-45CE8D8467C0}"
EndProject
Project("{8BC9CEB8-8B4A-11D0-8D11-00A0C91BC942}") = "HarddiskDeviceTest", "HarddiskDeviceTest\HarddiskDeviceTest.vcxproj", "{9191A678-CF8D-4245-9BE6-02671F2650BE}"
EndProject
Project("{8BC9CEB8-8B4A-11D0-8D11-00A0C91BC942}") = "PtovTest", "PtovTest\PtovTest.vcxproj", "{0E6E145D-20F5-4937-8309-A28BB2A648C7}"
EndProject
Project("{8BC9CEB8-8B4A-11D0-8D11-00A0C91BC942}") = "WdfReadRegistryTest", "WdfReadRegistryTest\WdfReadRegistryTest.vcxproj", "{6C21EE03-B194-41AE-B4D4-36FEAFA508AC}"
EndProject
Global
	GlobalSection(SolutionConfigurationPlatforms) = preSolution
		Debug|x64 = Debug|x64
		Debug|x86 = Debug|x86
		Release|x64 = Release|x64
		Release|x86 = Release|x86
	EndGlobalSection
	GlobalSection(ProjectConfigurationPlatforms) = postSolution
		{FBCE4FFE-9BDC-4765-B6F7-98EF574B6F9D}.Debug|x64.ActiveCfg = Debug|x64
		{FBCE4FFE-9BDC-4765-B6F7-98EF574B6F9D}.Debug|x64.Build.0 = Debug|x64
		{FBCE4FFE-9BDC-4765-B6F7-98EF574B6F9D}.Debug|x64.Deploy.0 = Debug|x64
		{FBCE4FFE-9BDC-4765-B6F7-98EF574B6F9D}.Debug|x86.ActiveCfg = Debug|Win32
		{FBCE4FFE-9BDC-4765-B6F7-98EF574B6F9D}.Debug|x86.Build.0 = Debug|Win32
		{FBCE4FFE-9BDC-4765-B6F7-98EF574B6F9D}.Debug|x86.Deploy.0 = Debug|Win32
		{FBCE4FFE-9BDC-4765-B6F7-98EF574B6F9D}.Release|x64.ActiveCfg = Release|x64
		{FBCE4FFE-9BDC-4765-B6F7-98EF574B6F9D}.Release|x64.Build.0 = Release|x64
		{FBCE4FFE-9BDC-4765-B6F7-98EF574B6F9D}.Release|x64.Deploy.0 = Release|x64
		{FBCE4FFE-9BDC-4765-B6F7-98EF574B6F9D}.Release|x86.ActiveCfg = Release|Win32
		{FBCE4FFE-9BDC-4765-B6F7-98EF574B6F9D}.Release|x86.Build.0 = Release|Win32
		{FBCE4FFE-9BDC-4765-B6F7-98EF574B6F9D}.Release|x86.Deploy.0 = Release|Win32
		{AB96DEE0-E847-4599-839F-53D8FEBBF642}.Debug|x64.ActiveCfg = Debug|x64
		{AB96DEE0-E847-4599-839F-53D8FEBBF642}.Debug|x64.Build.0 = Debug|x64
		{AB96DEE0-E847-4599-839F-53D8FEBBF642}.Debug|x64.Deploy.0 = Debug|x64
		{AB96DEE0-E847-4599-839F-53D8FEBBF642}.Debug|x86.ActiveCfg = Debug|Win32
		{AB96DEE0-E847-4599-839F-53D8FEBBF642}.Debug|x86.Build.0 = Debug|Win32
		{AB96DEE0-E847-4599-839F-53D8FEBBF642}.Debug|x86.Deploy.0 = Debug|Win32
		{AB96DEE0-E847-4599-839F-53D8FEBBF642}.Release|x64.ActiveCfg = Release|x64
		{AB96DEE0-E847-4599-839F-53D8FEBBF642}.Release|x64.Build.0 = Release|x64
		{AB96DEE0-E847-4599-839F-53D8FEBBF642}.Release|x64.Deploy.0 = Release|x64
		{AB96DEE0-E847-4599-839F-53D8FEBBF642}.Release|x86.ActiveCfg = Release|Win32
		{AB96DEE0-E847-4599-839F-53D8FEBBF642}.Release|x86.Build.0 = Release|Win32
		{AB96DEE0-E847-4599-839F-53D8FEBBF642}.Release|x86.Deploy.0 = Release|Win32
		{AAB89327-74C6-4E19-A6FF-8B44CD1D4735}.Debug|x64.ActiveCfg = Debug|x64
		{AAB89327-74C6-4E19-A6FF-8B44CD1D4735}.Debug|x64.Build.0 = Debug|x64
		{AAB89327-74C6-4E19-A6FF-8B44CD1D4735}.Debug|x64.Deploy.0 = Debug|x64
		{AAB89327-74C6-4E19-A6FF-8B44CD1D4735}.Debug|x86.ActiveCfg = Debug|Win32
		{AAB89327-74C6-4E19-A6FF-8B44CD1D4735}.Debug|x86.Build.0 = Debug|Win32
		{AAB89327-74C6-4E19-A6FF-8B44CD1D4735}.Debug|x86.Deploy.0 = Debug|Win32
		{AAB89327-74C6-4E19-A6FF-8B44CD1D4735}.Release|x64.ActiveCfg = Release|x64
		{AAB89327-74C6-4E19-A6FF-8B44CD1D4735}.Release|x64.Build.0 = Release|x64
		{AAB89327-74C6-4E19-A6FF-8B44CD1D4735}.Release|x64.Deploy.0 = Release|x64
		{AAB89327-74C6-4E19-A6FF-8B44CD1D4735}.Release|x86.ActiveCfg = Release|Win32
		{AAB89327-74C6-4E19-A6FF-8B44CD1D4735}.Release|x86.Build.0 = Release|Win32
		{AAB89327-74C6-4E19-A6FF-8B44CD1D4735}.Release|x86.Deploy.0 = Release|Win32
		{171FBBF5-154E-4B59-B708-45CE8D8467C0}.Debug|x64.ActiveCfg = Debug|x64
		{171FBBF5-154E-4B59-B708-45CE8D8467C0}.Debug|x64.Build.0 = Debug|x64
		{171FBBF5-154E-4B59-B708-45CE8D8467C0}.Debug|x86.ActiveCfg = Debug|Win32
		{171FBBF5-154E-4B59-B708-45CE8D8467C0}.Debug|x86.Build.0 = Debug|Win32
		{171FBBF5-154E-4B59-B708-45CE8D8467C0}.Release|x64.ActiveCfg = Release|x64
		{171FBBF5-154E-4B59-B708-45CE8D8467C0}.Release|x64.Build.0 = Release|x64
		{171FBBF5-154E-4B59-B708-45CE8D8467C0}.Release|x86.ActiveCfg = Release|Win32
		{171FBBF5-154E-4B59-B708-45CE8D8467C0}.Release|x86.Build.0 = Release|Win32
		{9191A678-CF8D-4245-9BE6-02671F2650BE}.Debug|x64.ActiveCfg = Debug|x64
		{9191A678-CF8D-4245-9BE6-02671F2650BE}.Debug|x64.Build.0 = Debug|x64
		{9191A678-CF8D-4245-9BE6-02671F2650BE}.Debug|x64.Deploy.0 = Debug|x64
		{9191A678-CF8D-4245-9BE6-02671F2650BE}.Debug|x86.ActiveCfg = Debug|Win32
		{9191A678-CF8D-4245-9BE6-02671F2650BE}.Debug|x86.Build.0 = Debug|Win32
		{9191A678-CF8D-4245-9BE6-02671F2650BE}.Debug|x86.Deploy.0 = Debug|Win32
		{9191A678-CF8D-4245-9BE6-02671F2650BE}.Release|x64.ActiveCfg = Release|x64
		{9191A678-CF8D-4245-9BE6-02671F2650BE}.Release|x64.Build.0 = Release|x64
		{9191A678-CF8D-4245-9BE6-02671F2650BE}.Release|x64.Deploy.0 = Release|x64
		{9191A678-CF8D-4245-9BE6-02671F2650BE}.Release|x86.ActiveCfg = Release|Win32
		{9191A678-CF8D-4245-9BE6-02671F2650BE}.Release|x86.Build.0 = Release|Win32
		{9191A678-CF8D-4245-9BE6-02671F2650BE}.Release|x86.Deploy.0 = Release|Win32
		{0E6E145D-20F5-4937-8309-A28BB2A648C7}.Debug|x64.ActiveCfg = Debug|x64
		{0E6E145D-20F5-4937-8309-A28BB2A648C7}.Debug|x64.Build.0 = Debug|x64
		{0E6E145D-20F5-4937-8309-A28BB2A648C7}.Debug|x64.Deploy.0 = Debug|x64
		{0E6E145D-20F5-4937-8309-A28BB2A648C7}.Debug|x86.ActiveCfg = Debug|Win32
		{0E6E145D-20F5-4937-8309-A28BB2A648C7}.Debug|x86.Build.0 = Debug|Win32
		{0E6E145D-20F5-4937-8309-A28BB2A648C7}.Debug|x86.Deploy.0 = Debug|Win32
		{0E6E145D-20F5-4937-8309-A28BB2A648C7}.Release|x64.ActiveCfg = Release|x64
		{0E6E145D-20F5-4937-8309-A28BB2A648C7}.Release|x64.Build.0 = Release|x64
		{0E6E145D-20F5-4937-8309-A28BB2A648C7}.Release|x64.Deploy.0 = Release|x64
		{0E6E145D-20F5-4937-8309-A28BB2A648C7}.Release|x86.ActiveCfg = Release|Win32
		{0E6E145D-20F5-4937-8309-A28BB2A648C7}.Release|x86.Build.0 = Release|Win32
		{0E6E145D-20F5-4937-8309-A28BB2A648C7}.Release|x86.Deploy.0 = Release|Win32
		{6C21EE03-B194-41AE-B4D4-36FEAFA508AC}.Debug|x64.ActiveCfg = Debug|x64
		{6C21EE03-B194-41AE-B4D4-36FEAFA508AC}.Debug|x64.Build.0 = Debug|x64
		{6C21EE03-B194-41AE-B4D4-36FEAFA508AC}.Debug|x64.Deploy.0 = Debug|x64
		{6C21EE03-B194-41AE-B4D4-36FEAFA508AC}.Debug|x86.ActiveCfg = Debug|Win32
		{6C21EE03-B194-41AE-B4D4-36FEAFA508AC}.Debug|x86.Build.0 = Debug|Win32
		{6C21EE03-B194-41AE-B4D4-36FEAFA508AC}.Debug|x86.Deploy.0 = Debug|Win32
		{6C21EE03-B194-41AE-B4D4-36FEAFA508AC}.Release|x64.ActiveCfg = Release|x64
		{6C21EE03-B194-41AE-B4D4-36FEAFA508AC}.Release|x64.Build.0 = Release|x64
		{6C21EE03-B194-41AE-B4D4-36FEAFA508AC}.Release|x64.Deploy.0 = Release|x64
		{6C21EE03-B194-41AE-B4D4-36FEAFA508AC}.Release|x86.ActiveCfg = Release|Win32
		{6C21EE03-B194-41AE-B4D4-36FEAFA508AC}.Release|x86.Build.0 = Release|Win32
		{6C21EE03-B194-41AE-B4D4-36FEAFA508AC}.Release|x86.Deploy.0 = Release|Win32
	EndGlobalSection
	GlobalSection(SolutionProperties) = preSolution
		HideSolutionNode = FALSE
	EndGlobalSection
	GlobalSection(ExtensibilityGlobals) = postSolution
		SolutionGuid = {4A796FF9-8580-4DCC-997E-4BA8FF8BB048}
	EndGlobalSection
EndGlobal
