
Microsoft Visual Studio Solution File, Format Version 12.00
# Visual Studio Version 16
VisualStudioVersion = 16.0.31624.102
MinimumVisualStudioVersion = 10.0.40219.1
Project("{8BC9CEB8-8B4A-11D0-8D11-00A0C91BC942}") = "PerformanceCounterTest", "PerformanceCounterTest\PerformanceCounterTest.vcxproj", "{FBCE4FFE-9BDC-4765-B6F7-98EF574B6F9D}"
EndProject
Project("{8BC9CEB8-8B4A-11D0-8D11-00A0C91BC942}") = "KernelThreadTest", "KernelThreadTest\KernelThreadTest.vcxproj", "{AB96DEE0-E847-4599-839F-53D8FEBBF642}"
EndProject
Project("{8BC9CEB8-8B4A-11D0-8D11-00A0C91BC942}") = "MultiTimerTest", "MultiTimerTest\MultiTimerTest.vcxproj", "{AAB89327-74C6-4E19-A6FF-8B44CD1D4735}"
EndProject
Project("{8BC9CEB8-8B4A-11D0-8D11-00A0C91BC942}") = "HiResTimerTest", "HiResTimerTest\HiResTimerTest.vcxproj", "{171FBBF5-154E-4B59-B708-45CE8D8467C0}"
EndProject
Project("{8BC9CEB8-8B4A-11D0-8D11-00A0C91BC942}") = "HarddiskDeviceTest", "HarddiskDeviceTest\HarddiskDeviceTest.vcxproj", "{9191A678-CF8D-4245-9BE6-02671F2650BE}"
EndProject
Project("{8BC9CEB8-8B4A-11D0-8D11-00A0C91BC942}") = "PtovTest", "PtovTest\PtovTest.vcxproj", "{0E6E145D-20F5-4937-8309-A28BB2A648C7}"
EndProject
Project("{8BC9CEB8-8B4A-11D0-8D11-00A0C91BC942}") = "ListHDDInstance", "ListHDDInstance\ListHDDInstance.vcxproj", "{2A7E8A2F-710A-4997-BD99-090ABD147D4B}"
EndProject
Project("{8BC9CEB8-8B4A-11D0-8D11-00A0C91BC942}") = "EnumAndOpenDevInterface", "EnumAndOpenDevInterface\EnumAndOpenDevInterface.vcxproj", "{71C51682-E407-40EA-B0A1-AE17788D08A6}"
EndProject
Project("{8BC9CEB8-8B4A-11D0-8D11-00A0C91BC942}") = "WdfReadRegistryTest", "WdfReadRegistryTest\WdfReadRegistryTest.vcxproj", "{6C21EE03-B194-41AE-B4D4-36FEAFA508AC}"
EndProject
Project("{8BC9CEB8-8B4A-11D0-8D11-00A0C91BC942}") = "EnumPhysicalDisks", "EnumPhysicalDisks\EnumPhysicalDisks.vcxproj", "{1B051B1D-E32B-4B5D-B35B-87D9FBE77338}"
EndProject
Project("{8BC9CEB8-8B4A-11D0-8D11-00A0C91BC942}") = "QuerySmartInfo", "QuerySmartInfo\QuerySmartInfo.vcxproj", "{1077299C-0136-4D35-99AA-1824A3A5949E}"
EndProject
Project("{8BC9CEB8-8B4A-11D0-8D11-00A0C91BC942}") = "QuerySmartInfoFromAdapter", "QuerySmartInfoFromAdapter\QuerySmartInfoFromAdapter.vcxproj", "{AF10D92C-8E27-4AEC-825D-E591D5EF1BD8}"
EndProject
Project("{8BC9CEB8-8B4A-11D0-8D11-00A0C91BC942}") = "DriverBindingTest", "DriverBindingTest\DriverBindingTest.vcxproj", "{3BCAA2F2-9180-4213-A6CE-36910DA51CE9}"
EndProject
Project("{8BC9CEB8-8B4A-11D0-8D11-00A0C91BC942}") = "IoctlDiskPerfOnOff", "IoctlDiskPerfOnOff\IoctlDiskPerfOnOff.vcxproj", "{1C80E06C-5BA9-49C2-8857-527FF5331F39}"
EndProject
Global
	GlobalSection(SolutionConfigurationPlatforms) = preSolution
		Debug|ARM = Debug|ARM
		Debug|ARM64 = Debug|ARM64
		Debug|x64 = Debug|x64
		Debug|x86 = Debug|x86
		Release|ARM = Release|ARM
		Release|ARM64 = Release|ARM64
		Release|x64 = Release|x64
		Release|x86 = Release|x86
	EndGlobalSection
	GlobalSection(ProjectConfigurationPlatforms) = postSolution
		{FBCE4FFE-9BDC-4765-B6F7-98EF574B6F9D}.Debug|ARM.ActiveCfg = Debug|Win32
		{FBCE4FFE-9BDC-4765-B6F7-98EF574B6F9D}.Debug|ARM64.ActiveCfg = Debug|Win32
		{FBCE4FFE-9BDC-4765-B6F7-98EF574B6F9D}.Debug|x64.ActiveCfg = Debug|x64
		{FBCE4FFE-9BDC-4765-B6F7-98EF574B6F9D}.Debug|x64.Build.0 = Debug|x64
		{FBCE4FFE-9BDC-4765-B6F7-98EF574B6F9D}.Debug|x64.Deploy.0 = Debug|x64
		{FBCE4FFE-9BDC-4765-B6F7-98EF574B6F9D}.Debug|x86.ActiveCfg = Debug|Win32
		{FBCE4FFE-9BDC-4765-B6F7-98EF574B6F9D}.Debug|x86.Build.0 = Debug|Win32
		{FBCE4FFE-9BDC-4765-B6F7-98EF574B6F9D}.Debug|x86.Deploy.0 = Debug|Win32
		{FBCE4FFE-9BDC-4765-B6F7-98EF574B6F9D}.Release|ARM.ActiveCfg = Release|Win32
		{FBCE4FFE-9BDC-4765-B6F7-98EF574B6F9D}.Release|ARM64.ActiveCfg = Release|Win32
		{FBCE4FFE-9BDC-4765-B6F7-98EF574B6F9D}.Release|x64.ActiveCfg = Release|x64
		{FBCE4FFE-9BDC-4765-B6F7-98EF574B6F9D}.Release|x64.Build.0 = Release|x64
		{FBCE4FFE-9BDC-4765-B6F7-98EF574B6F9D}.Release|x64.Deploy.0 = Release|x64
		{FBCE4FFE-9BDC-4765-B6F7-98EF574B6F9D}.Release|x86.ActiveCfg = Release|Win32
		{FBCE4FFE-9BDC-4765-B6F7-98EF574B6F9D}.Release|x86.Build.0 = Release|Win32
		{FBCE4FFE-9BDC-4765-B6F7-98EF574B6F9D}.Release|x86.Deploy.0 = Release|Win32
		{AB96DEE0-E847-4599-839F-53D8FEBBF642}.Debug|ARM.ActiveCfg = Debug|Win32
		{AB96DEE0-E847-4599-839F-53D8FEBBF642}.Debug|ARM64.ActiveCfg = Debug|Win32
		{AB96DEE0-E847-4599-839F-53D8FEBBF642}.Debug|x64.ActiveCfg = Debug|x64
		{AB96DEE0-E847-4599-839F-53D8FEBBF642}.Debug|x64.Build.0 = Debug|x64
		{AB96DEE0-E847-4599-839F-53D8FEBBF642}.Debug|x64.Deploy.0 = Debug|x64
		{AB96DEE0-E847-4599-839F-53D8FEBBF642}.Debug|x86.ActiveCfg = Debug|Win32
		{AB96DEE0-E847-4599-839F-53D8FEBBF642}.Debug|x86.Build.0 = Debug|Win32
		{AB96DEE0-E847-4599-839F-53D8FEBBF642}.Debug|x86.Deploy.0 = Debug|Win32
		{AB96DEE0-E847-4599-839F-53D8FEBBF642}.Release|ARM.ActiveCfg = Release|Win32
		{AB96DEE0-E847-4599-839F-53D8FEBBF642}.Release|ARM64.ActiveCfg = Release|Win32
		{AB96DEE0-E847-4599-839F-53D8FEBBF642}.Release|x64.ActiveCfg = Release|x64
		{AB96DEE0-E847-4599-839F-53D8FEBBF642}.Release|x64.Build.0 = Release|x64
		{AB96DEE0-E847-4599-839F-53D8FEBBF642}.Release|x64.Deploy.0 = Release|x64
		{AB96DEE0-E847-4599-839F-53D8FEBBF642}.Release|x86.ActiveCfg = Release|Win32
		{AB96DEE0-E847-4599-839F-53D8FEBBF642}.Release|x86.Build.0 = Release|Win32
		{AB96DEE0-E847-4599-839F-53D8FEBBF642}.Release|x86.Deploy.0 = Release|Win32
		{AAB89327-74C6-4E19-A6FF-8B44CD1D4735}.Debug|ARM.ActiveCfg = Debug|Win32
		{AAB89327-74C6-4E19-A6FF-8B44CD1D4735}.Debug|ARM64.ActiveCfg = Debug|Win32
		{AAB89327-74C6-4E19-A6FF-8B44CD1D4735}.Debug|x64.ActiveCfg = Debug|x64
		{AAB89327-74C6-4E19-A6FF-8B44CD1D4735}.Debug|x64.Build.0 = Debug|x64
		{AAB89327-74C6-4E19-A6FF-8B44CD1D4735}.Debug|x64.Deploy.0 = Debug|x64
		{AAB89327-74C6-4E19-A6FF-8B44CD1D4735}.Debug|x86.ActiveCfg = Debug|Win32
		{AAB89327-74C6-4E19-A6FF-8B44CD1D4735}.Debug|x86.Build.0 = Debug|Win32
		{AAB89327-74C6-4E19-A6FF-8B44CD1D4735}.Debug|x86.Deploy.0 = Debug|Win32
		{AAB89327-74C6-4E19-A6FF-8B44CD1D4735}.Release|ARM.ActiveCfg = Release|Win32
		{AAB89327-74C6-4E19-A6FF-8B44CD1D4735}.Release|ARM64.ActiveCfg = Release|Win32
		{AAB89327-74C6-4E19-A6FF-8B44CD1D4735}.Release|x64.ActiveCfg = Release|x64
		{AAB89327-74C6-4E19-A6FF-8B44CD1D4735}.Release|x64.Build.0 = Release|x64
		{AAB89327-74C6-4E19-A6FF-8B44CD1D4735}.Release|x64.Deploy.0 = Release|x64
		{AAB89327-74C6-4E19-A6FF-8B44CD1D4735}.Release|x86.ActiveCfg = Release|Win32
		{AAB89327-74C6-4E19-A6FF-8B44CD1D4735}.Release|x86.Build.0 = Release|Win32
		{AAB89327-74C6-4E19-A6FF-8B44CD1D4735}.Release|x86.Deploy.0 = Release|Win32
		{171FBBF5-154E-4B59-B708-45CE8D8467C0}.Debug|ARM.ActiveCfg = Debug|Win32
		{171FBBF5-154E-4B59-B708-45CE8D8467C0}.Debug|ARM64.ActiveCfg = Debug|Win32
		{171FBBF5-154E-4B59-B708-45CE8D8467C0}.Debug|x64.ActiveCfg = Debug|x64
		{171FBBF5-154E-4B59-B708-45CE8D8467C0}.Debug|x64.Build.0 = Debug|x64
		{171FBBF5-154E-4B59-B708-45CE8D8467C0}.Debug|x86.ActiveCfg = Debug|Win32
		{171FBBF5-154E-4B59-B708-45CE8D8467C0}.Debug|x86.Build.0 = Debug|Win32
		{171FBBF5-154E-4B59-B708-45CE8D8467C0}.Release|ARM.ActiveCfg = Release|Win32
		{171FBBF5-154E-4B59-B708-45CE8D8467C0}.Release|ARM64.ActiveCfg = Release|Win32
		{171FBBF5-154E-4B59-B708-45CE8D8467C0}.Release|x64.ActiveCfg = Release|x64
		{171FBBF5-154E-4B59-B708-45CE8D8467C0}.Release|x64.Build.0 = Release|x64
		{171FBBF5-154E-4B59-B708-45CE8D8467C0}.Release|x86.ActiveCfg = Release|Win32
		{171FBBF5-154E-4B59-B708-45CE8D8467C0}.Release|x86.Build.0 = Release|Win32
		{9191A678-CF8D-4245-9BE6-02671F2650BE}.Debug|ARM.ActiveCfg = Debug|Win32
		{9191A678-CF8D-4245-9BE6-02671F2650BE}.Debug|ARM64.ActiveCfg = Debug|Win32
		{9191A678-CF8D-4245-9BE6-02671F2650BE}.Debug|x64.ActiveCfg = Debug|x64
		{9191A678-CF8D-4245-9BE6-02671F2650BE}.Debug|x64.Build.0 = Debug|x64
		{9191A678-CF8D-4245-9BE6-02671F2650BE}.Debug|x64.Deploy.0 = Debug|x64
		{9191A678-CF8D-4245-9BE6-02671F2650BE}.Debug|x86.ActiveCfg = Debug|Win32
		{9191A678-CF8D-4245-9BE6-02671F2650BE}.Debug|x86.Build.0 = Debug|Win32
		{9191A678-CF8D-4245-9BE6-02671F2650BE}.Debug|x86.Deploy.0 = Debug|Win32
		{9191A678-CF8D-4245-9BE6-02671F2650BE}.Release|ARM.ActiveCfg = Release|Win32
		{9191A678-CF8D-4245-9BE6-02671F2650BE}.Release|ARM64.ActiveCfg = Release|Win32
		{9191A678-CF8D-4245-9BE6-02671F2650BE}.Release|x64.ActiveCfg = Release|x64
		{9191A678-CF8D-4245-9BE6-02671F2650BE}.Release|x64.Build.0 = Release|x64
		{9191A678-CF8D-4245-9BE6-02671F2650BE}.Release|x64.Deploy.0 = Release|x64
		{9191A678-CF8D-4245-9BE6-02671F2650BE}.Release|x86.ActiveCfg = Release|Win32
		{9191A678-CF8D-4245-9BE6-02671F2650BE}.Release|x86.Build.0 = Release|Win32
		{9191A678-CF8D-4245-9BE6-02671F2650BE}.Release|x86.Deploy.0 = Release|Win32
		{0E6E145D-20F5-4937-8309-A28BB2A648C7}.Debug|ARM.ActiveCfg = Debug|Win32
		{0E6E145D-20F5-4937-8309-A28BB2A648C7}.Debug|ARM64.ActiveCfg = Debug|Win32
		{0E6E145D-20F5-4937-8309-A28BB2A648C7}.Debug|x64.ActiveCfg = Debug|x64
		{0E6E145D-20F5-4937-8309-A28BB2A648C7}.Debug|x64.Build.0 = Debug|x64
		{0E6E145D-20F5-4937-8309-A28BB2A648C7}.Debug|x64.Deploy.0 = Debug|x64
		{0E6E145D-20F5-4937-8309-A28BB2A648C7}.Debug|x86.ActiveCfg = Debug|Win32
		{0E6E145D-20F5-4937-8309-A28BB2A648C7}.Debug|x86.Build.0 = Debug|Win32
		{0E6E145D-20F5-4937-8309-A28BB2A648C7}.Debug|x86.Deploy.0 = Debug|Win32
		{0E6E145D-20F5-4937-8309-A28BB2A648C7}.Release|ARM.ActiveCfg = Release|Win32
		{0E6E145D-20F5-4937-8309-A28BB2A648C7}.Release|ARM64.ActiveCfg = Release|Win32
		{0E6E145D-20F5-4937-8309-A28BB2A648C7}.Release|x64.ActiveCfg = Release|x64
		{0E6E145D-20F5-4937-8309-A28BB2A648C7}.Release|x64.Build.0 = Release|x64
		{0E6E145D-20F5-4937-8309-A28BB2A648C7}.Release|x64.Deploy.0 = Release|x64
		{0E6E145D-20F5-4937-8309-A28BB2A648C7}.Release|x86.ActiveCfg = Release|Win32
		{0E6E145D-20F5-4937-8309-A28BB2A648C7}.Release|x86.Build.0 = Release|Win32
		{0E6E145D-20F5-4937-8309-A28BB2A648C7}.Release|x86.Deploy.0 = Release|Win32
		{2A7E8A2F-710A-4997-BD99-090ABD147D4B}.Debug|ARM.ActiveCfg = Debug|Win32
		{2A7E8A2F-710A-4997-BD99-090ABD147D4B}.Debug|ARM64.ActiveCfg = Debug|Win32
		{2A7E8A2F-710A-4997-BD99-090ABD147D4B}.Debug|x64.ActiveCfg = Debug|x64
		{2A7E8A2F-710A-4997-BD99-090ABD147D4B}.Debug|x64.Build.0 = Debug|x64
		{2A7E8A2F-710A-4997-BD99-090ABD147D4B}.Debug|x86.ActiveCfg = Debug|Win32
		{2A7E8A2F-710A-4997-BD99-090ABD147D4B}.Debug|x86.Build.0 = Debug|Win32
		{2A7E8A2F-710A-4997-BD99-090ABD147D4B}.Release|ARM.ActiveCfg = Release|Win32
		{2A7E8A2F-710A-4997-BD99-090ABD147D4B}.Release|ARM64.ActiveCfg = Release|Win32
		{2A7E8A2F-710A-4997-BD99-090ABD147D4B}.Release|x64.ActiveCfg = Release|x64
		{2A7E8A2F-710A-4997-BD99-090ABD147D4B}.Release|x64.Build.0 = Release|x64
		{2A7E8A2F-710A-4997-BD99-090ABD147D4B}.Release|x86.ActiveCfg = Release|Win32
		{2A7E8A2F-710A-4997-BD99-090ABD147D4B}.Release|x86.Build.0 = Release|Win32
		{71C51682-E407-40EA-B0A1-AE17788D08A6}.Debug|ARM.ActiveCfg = Debug|Win32
		{71C51682-E407-40EA-B0A1-AE17788D08A6}.Debug|ARM64.ActiveCfg = Debug|Win32
		{71C51682-E407-40EA-B0A1-AE17788D08A6}.Debug|x64.ActiveCfg = Debug|x64
		{71C51682-E407-40EA-B0A1-AE17788D08A6}.Debug|x64.Build.0 = Debug|x64
		{71C51682-E407-40EA-B0A1-AE17788D08A6}.Debug|x86.ActiveCfg = Debug|Win32
		{71C51682-E407-40EA-B0A1-AE17788D08A6}.Debug|x86.Build.0 = Debug|Win32
		{71C51682-E407-40EA-B0A1-AE17788D08A6}.Release|ARM.ActiveCfg = Release|Win32
		{71C51682-E407-40EA-B0A1-AE17788D08A6}.Release|ARM64.ActiveCfg = Release|Win32
		{71C51682-E407-40EA-B0A1-AE17788D08A6}.Release|x64.ActiveCfg = Release|x64
		{71C51682-E407-40EA-B0A1-AE17788D08A6}.Release|x64.Build.0 = Release|x64
		{71C51682-E407-40EA-B0A1-AE17788D08A6}.Release|x86.ActiveCfg = Release|Win32
		{71C51682-E407-40EA-B0A1-AE17788D08A6}.Release|x86.Build.0 = Release|Win32
		{6C21EE03-B194-41AE-B4D4-36FEAFA508AC}.Debug|ARM.ActiveCfg = Debug|ARM
		{6C21EE03-B194-41AE-B4D4-36FEAFA508AC}.Debug|ARM.Build.0 = Debug|ARM
		{6C21EE03-B194-41AE-B4D4-36FEAFA508AC}.Debug|ARM.Deploy.0 = Debug|ARM
		{6C21EE03-B194-41AE-B4D4-36FEAFA508AC}.Debug|ARM64.ActiveCfg = Debug|ARM64
		{6C21EE03-B194-41AE-B4D4-36FEAFA508AC}.Debug|ARM64.Build.0 = Debug|ARM64
		{6C21EE03-B194-41AE-B4D4-36FEAFA508AC}.Debug|ARM64.Deploy.0 = Debug|ARM64
		{6C21EE03-B194-41AE-B4D4-36FEAFA508AC}.Debug|x64.ActiveCfg = Debug|x64
		{6C21EE03-B194-41AE-B4D4-36FEAFA508AC}.Debug|x64.Build.0 = Debug|x64
		{6C21EE03-B194-41AE-B4D4-36FEAFA508AC}.Debug|x64.Deploy.0 = Debug|x64
		{6C21EE03-B194-41AE-B4D4-36FEAFA508AC}.Debug|x86.ActiveCfg = Debug|Win32
		{6C21EE03-B194-41AE-B4D4-36FEAFA508AC}.Debug|x86.Build.0 = Debug|Win32
		{6C21EE03-B194-41AE-B4D4-36FEAFA508AC}.Debug|x86.Deploy.0 = Debug|Win32
		{6C21EE03-B194-41AE-B4D4-36FEAFA508AC}.Release|ARM.ActiveCfg = Release|ARM
		{6C21EE03-B194-41AE-B4D4-36FEAFA508AC}.Release|ARM.Build.0 = Release|ARM
		{6C21EE03-B194-41AE-B4D4-36FEAFA508AC}.Release|ARM.Deploy.0 = Release|ARM
		{6C21EE03-B194-41AE-B4D4-36FEAFA508AC}.Release|ARM64.ActiveCfg = Release|ARM64
		{6C21EE03-B194-41AE-B4D4-36FEAFA508AC}.Release|ARM64.Build.0 = Release|ARM64
		{6C21EE03-B194-41AE-B4D4-36FEAFA508AC}.Release|ARM64.Deploy.0 = Release|ARM64
		{6C21EE03-B194-41AE-B4D4-36FEAFA508AC}.Release|x64.ActiveCfg = Release|x64
		{6C21EE03-B194-41AE-B4D4-36FEAFA508AC}.Release|x64.Build.0 = Release|x64
		{6C21EE03-B194-41AE-B4D4-36FEAFA508AC}.Release|x64.Deploy.0 = Release|x64
		{6C21EE03-B194-41AE-B4D4-36FEAFA508AC}.Release|x86.ActiveCfg = Release|Win32
		{6C21EE03-B194-41AE-B4D4-36FEAFA508AC}.Release|x86.Build.0 = Release|Win32
		{6C21EE03-B194-41AE-B4D4-36FEAFA508AC}.Release|x86.Deploy.0 = Release|Win32
		{1B051B1D-E32B-4B5D-B35B-87D9FBE77338}.Debug|ARM.ActiveCfg = Debug|Win32
		{1B051B1D-E32B-4B5D-B35B-87D9FBE77338}.Debug|ARM64.ActiveCfg = Debug|Win32
		{1B051B1D-E32B-4B5D-B35B-87D9FBE77338}.Debug|x64.ActiveCfg = Debug|x64
		{1B051B1D-E32B-4B5D-B35B-87D9FBE77338}.Debug|x64.Build.0 = Debug|x64
		{1B051B1D-E32B-4B5D-B35B-87D9FBE77338}.Debug|x86.ActiveCfg = Debug|Win32
		{1B051B1D-E32B-4B5D-B35B-87D9FBE77338}.Debug|x86.Build.0 = Debug|Win32
		{1B051B1D-E32B-4B5D-B35B-87D9FBE77338}.Release|ARM.ActiveCfg = Release|Win32
		{1B051B1D-E32B-4B5D-B35B-87D9FBE77338}.Release|ARM64.ActiveCfg = Release|Win32
		{1B051B1D-E32B-4B5D-B35B-87D9FBE77338}.Release|x64.ActiveCfg = Release|x64
		{1B051B1D-E32B-4B5D-B35B-87D9FBE77338}.Release|x64.Build.0 = Release|x64
		{1B051B1D-E32B-4B5D-B35B-87D9FBE77338}.Release|x86.ActiveCfg = Release|Win32
		{1B051B1D-E32B-4B5D-B35B-87D9FBE77338}.Release|x86.Build.0 = Release|Win32
		{1077299C-0136-4D35-99AA-1824A3A5949E}.Debug|ARM.ActiveCfg = Debug|Win32
		{1077299C-0136-4D35-99AA-1824A3A5949E}.Debug|ARM64.ActiveCfg = Debug|Win32
		{1077299C-0136-4D35-99AA-1824A3A5949E}.Debug|x64.ActiveCfg = Debug|x64
		{1077299C-0136-4D35-99AA-1824A3A5949E}.Debug|x64.Build.0 = Debug|x64
		{1077299C-0136-4D35-99AA-1824A3A5949E}.Debug|x86.ActiveCfg = Debug|Win32
		{1077299C-0136-4D35-99AA-1824A3A5949E}.Debug|x86.Build.0 = Debug|Win32
		{1077299C-0136-4D35-99AA-1824A3A5949E}.Release|ARM.ActiveCfg = Release|Win32
		{1077299C-0136-4D35-99AA-1824A3A5949E}.Release|ARM64.ActiveCfg = Release|Win32
		{1077299C-0136-4D35-99AA-1824A3A5949E}.Release|x64.ActiveCfg = Release|x64
		{1077299C-0136-4D35-99AA-1824A3A5949E}.Release|x64.Build.0 = Release|x64
		{1077299C-0136-4D35-99AA-1824A3A5949E}.Release|x86.ActiveCfg = Release|Win32
		{1077299C-0136-4D35-99AA-1824A3A5949E}.Release|x86.Build.0 = Release|Win32
		{AF10D92C-8E27-4AEC-825D-E591D5EF1BD8}.Debug|ARM.ActiveCfg = Debug|Win32
		{AF10D92C-8E27-4AEC-825D-E591D5EF1BD8}.Debug|ARM64.ActiveCfg = Debug|Win32
		{AF10D92C-8E27-4AEC-825D-E591D5EF1BD8}.Debug|x64.ActiveCfg = Debug|x64
		{AF10D92C-8E27-4AEC-825D-E591D5EF1BD8}.Debug|x64.Build.0 = Debug|x64
		{AF10D92C-8E27-4AEC-825D-E591D5EF1BD8}.Debug|x86.ActiveCfg = Debug|Win32
		{AF10D92C-8E27-4AEC-825D-E591D5EF1BD8}.Debug|x86.Build.0 = Debug|Win32
		{AF10D92C-8E27-4AEC-825D-E591D5EF1BD8}.Release|ARM.ActiveCfg = Release|Win32
		{AF10D92C-8E27-4AEC-825D-E591D5EF1BD8}.Release|ARM64.ActiveCfg = Release|Win32
		{AF10D92C-8E27-4AEC-825D-E591D5EF1BD8}.Release|x64.ActiveCfg = Release|x64
		{AF10D92C-8E27-4AEC-825D-E591D5EF1BD8}.Release|x64.Build.0 = Release|x64
		{AF10D92C-8E27-4AEC-825D-E591D5EF1BD8}.Release|x86.ActiveCfg = Release|Win32
		{AF10D92C-8E27-4AEC-825D-E591D5EF1BD8}.Release|x86.Build.0 = Release|Win32
		{3BCAA2F2-9180-4213-A6CE-36910DA51CE9}.Debug|ARM.ActiveCfg = Debug|Win32
		{3BCAA2F2-9180-4213-A6CE-36910DA51CE9}.Debug|ARM64.ActiveCfg = Debug|Win32
		{3BCAA2F2-9180-4213-A6CE-36910DA51CE9}.Debug|x64.ActiveCfg = Debug|x64
		{3BCAA2F2-9180-4213-A6CE-36910DA51CE9}.Debug|x64.Build.0 = Debug|x64
		{3BCAA2F2-9180-4213-A6CE-36910DA51CE9}.Debug|x86.ActiveCfg = Debug|Win32
		{3BCAA2F2-9180-4213-A6CE-36910DA51CE9}.Debug|x86.Build.0 = Debug|Win32
		{3BCAA2F2-9180-4213-A6CE-36910DA51CE9}.Release|ARM.ActiveCfg = Release|Win32
		{3BCAA2F2-9180-4213-A6CE-36910DA51CE9}.Release|ARM64.ActiveCfg = Release|Win32
		{3BCAA2F2-9180-4213-A6CE-36910DA51CE9}.Release|x64.ActiveCfg = Release|x64
		{3BCAA2F2-9180-4213-A6CE-36910DA51CE9}.Release|x64.Build.0 = Release|x64
		{3BCAA2F2-9180-4213-A6CE-36910DA51CE9}.Release|x86.ActiveCfg = Release|Win32
		{3BCAA2F2-9180-4213-A6CE-36910DA51CE9}.Release|x86.Build.0 = Release|Win32
		{1C80E06C-5BA9-49C2-8857-527FF5331F39}.Debug|ARM.ActiveCfg = Debug|Win32
		{1C80E06C-5BA9-49C2-8857-527FF5331F39}.Debug|ARM64.ActiveCfg = Debug|Win32
		{1C80E06C-5BA9-49C2-8857-527FF5331F39}.Debug|x64.ActiveCfg = Debug|x64
		{1C80E06C-5BA9-49C2-8857-527FF5331F39}.Debug|x64.Build.0 = Debug|x64
		{1C80E06C-5BA9-49C2-8857-527FF5331F39}.Debug|x86.ActiveCfg = Debug|Win32
		{1C80E06C-5BA9-49C2-8857-527FF5331F39}.Debug|x86.Build.0 = Debug|Win32
		{1C80E06C-5BA9-49C2-8857-527FF5331F39}.Release|ARM.ActiveCfg = Release|Win32
		{1C80E06C-5BA9-49C2-8857-527FF5331F39}.Release|ARM64.ActiveCfg = Release|Win32
		{1C80E06C-5BA9-49C2-8857-527FF5331F39}.Release|x64.ActiveCfg = Release|x64
		{1C80E06C-5BA9-49C2-8857-527FF5331F39}.Release|x64.Build.0 = Release|x64
		{1C80E06C-5BA9-49C2-8857-527FF5331F39}.Release|x86.ActiveCfg = Release|Win32
		{1C80E06C-5BA9-49C2-8857-527FF5331F39}.Release|x86.Build.0 = Release|Win32
	EndGlobalSection
	GlobalSection(SolutionProperties) = preSolution
		HideSolutionNode = FALSE
	EndGlobalSection
	GlobalSection(ExtensibilityGlobals) = postSolution
		SolutionGuid = {4A796FF9-8580-4DCC-997E-4BA8FF8BB048}
	EndGlobalSection
EndGlobal
