
Microsoft Visual Studio Solution File, Format Version 12.00
# Visual Studio Version 16
VisualStudioVersion = 16.0.31624.102
MinimumVisualStudioVersion = 10.0.40219.1
Project("{8BC9CEB8-8B4A-11D0-8D11-00A0C91BC942}") = "PerformanceCounterTest", "PerformanceCounterTest\PerformanceCounterTest.vcxproj", "{FBCE4FFE-9BDC-4765-B6F7-98EF574B6F9D}"
EndProject
Project("{8BC9CEB8-8B4A-11D0-8D11-00A0C91BC942}") = "KernelThreadTest", "KernelThreadTest\KernelThreadTest.vcxproj", "{AB96DEE0-E847-4599-839F-53D8FEBBF642}"
EndProject
Project("{8BC9CEB8-8B4A-11D0-8D11-00A0C91BC942}") = "MultiTimerTest", "MultiTimerTest\MultiTimerTest.vcxproj", "{AAB89327-74C6-4E19-A6FF-8B44CD1D4735}"
EndProject
Project("{8BC9CEB8-8B4A-11D0-8D11-00A0C91BC942}") = "HiResTimerTest", "HiResTimerTest\HiResTimerTest.vcxproj", "{171FBBF5-154E-4B59-B708-45CE8D8467C0}"
EndProject
Project("{8BC9CEB8-8B4A-11D0-8D11-00A0C91BC942}") = "HarddiskDeviceTest", "HarddiskDeviceTest\HarddiskDeviceTest.vcxproj", "{9191A678-CF8D-4245-9BE6-02671F2650BE}"
EndProject
Project("{8BC9CEB8-8B4A-11D0-8D11-00A0C91BC942}") = "PtovTest", "PtovTest\PtovTest.vcxproj", "{0E6E145D-20F5-4937-8309-A28BB2A648C7}"
EndProject
Project("{8BC9CEB8-8B4A-11D0-8D11-00A0C91BC942}") = "WdfReadRegistryTest", "WdfReadRegistryTest\WdfReadRegistryTest.vcxproj", "{6C21EE03-B194-41AE-B4D4-36FEAFA508AC}"
EndProject
Project("{8BC9CEB8-8B4A-11D0-8D11-00A0C91BC942}") = "ETWTest", "ETWTest\ETWTest.vcxproj", "{64A7D438-18FA-44E6-9A48-560A46747401}"
EndProject
Project("{8BC9CEB8-8B4A-11D0-8D11-00A0C91BC942}") = "EventLogTest", "EventLogTest\EventLogTest.vcxproj", "{EC6168C1-37D0-4710-B69D-6C4EDCA783B4}"
EndProject
Project("{8BC9CEB8-8B4A-11D0-8D11-00A0C91BC942}") = "WDM_Unload_Test", "WDM_Unload_Test\WDM_Unload_Test.vcxproj", "{FC972981-1F62-4064-BBDC-B23D8E73B9C5}"
EndProject
Project("{8BC9CEB8-8B4A-11D0-8D11-00A0C91BC942}") = "PnpEventNotificationTest", "PnpEventNotificationTest\PnpEventNotificationTest.vcxproj", "{3E6D958A-41CA-494C-83E9-93C44347F853}"
EndProject
Project("{8BC9CEB8-8B4A-11D0-8D11-00A0C91BC942}") = "DpcQueueTest", "DpcQueueTest\DpcQueueTest.vcxproj", "{DC6799CF-C5FE-4690-80E7-4C2A7676B7DA}"
EndProject
Project("{8BC9CEB8-8B4A-11D0-8D11-00A0C91BC942}") = "BigNumaNodeTest", "BigNumaNodeTest\BigNumaNodeTest.vcxproj", "{3292C362-44D5-4E1B-A6D5-D7316A12AC91}"
EndProject
Project("{8BC9CEB8-8B4A-11D0-8D11-00A0C91BC942}") = "TimerCostTest", "TimerCostTest\TimerCostTest.vcxproj", "{8188AFD2-D9C8-400E-94CA-2078DC9CA28F}"
EndProject
Global
	GlobalSection(SolutionConfigurationPlatforms) = preSolution
		Debug|ARM = Debug|ARM
		Debug|ARM64 = Debug|ARM64
		Debug|x64 = Debug|x64
		Debug|x86 = Debug|x86
		Release|ARM = Release|ARM
		Release|ARM64 = Release|ARM64
		Release|x64 = Release|x64
		Release|x86 = Release|x86
	EndGlobalSection
	GlobalSection(ProjectConfigurationPlatforms) = postSolution
		{FBCE4FFE-9BDC-4765-B6F7-98EF574B6F9D}.Debug|ARM.ActiveCfg = Debug|Win32
		{FBCE4FFE-9BDC-4765-B6F7-98EF574B6F9D}.Debug|ARM64.ActiveCfg = Debug|Win32
		{FBCE4FFE-9BDC-4765-B6F7-98EF574B6F9D}.Debug|x64.ActiveCfg = Debug|x64
		{FBCE4FFE-9BDC-4765-B6F7-98EF574B6F9D}.Debug|x64.Build.0 = Debug|x64
		{FBCE4FFE-9BDC-4765-B6F7-98EF574B6F9D}.Debug|x64.Deploy.0 = Debug|x64
		{FBCE4FFE-9BDC-4765-B6F7-98EF574B6F9D}.Debug|x86.ActiveCfg = Debug|Win32
		{FBCE4FFE-9BDC-4765-B6F7-98EF574B6F9D}.Debug|x86.Build.0 = Debug|Win32
		{FBCE4FFE-9BDC-4765-B6F7-98EF574B6F9D}.Debug|x86.Deploy.0 = Debug|Win32
		{FBCE4FFE-9BDC-4765-B6F7-98EF574B6F9D}.Release|ARM.ActiveCfg = Release|Win32
		{FBCE4FFE-9BDC-4765-B6F7-98EF574B6F9D}.Release|ARM64.ActiveCfg = Release|Win32
		{FBCE4FFE-9BDC-4765-B6F7-98EF574B6F9D}.Release|x64.ActiveCfg = Release|x64
		{FBCE4FFE-9BDC-4765-B6F7-98EF574B6F9D}.Release|x64.Build.0 = Release|x64
		{FBCE4FFE-9BDC-4765-B6F7-98EF574B6F9D}.Release|x64.Deploy.0 = Release|x64
		{FBCE4FFE-9BDC-4765-B6F7-98EF574B6F9D}.Release|x86.ActiveCfg = Release|Win32
		{FBCE4FFE-9BDC-4765-B6F7-98EF574B6F9D}.Release|x86.Build.0 = Release|Win32
		{FBCE4FFE-9BDC-4765-B6F7-98EF574B6F9D}.Release|x86.Deploy.0 = Release|Win32
		{AB96DEE0-E847-4599-839F-53D8FEBBF642}.Debug|ARM.ActiveCfg = Debug|Win32
		{AB96DEE0-E847-4599-839F-53D8FEBBF642}.Debug|ARM64.ActiveCfg = Debug|Win32
		{AB96DEE0-E847-4599-839F-53D8FEBBF642}.Debug|x64.ActiveCfg = Debug|x64
		{AB96DEE0-E847-4599-839F-53D8FEBBF642}.Debug|x64.Build.0 = Debug|x64
		{AB96DEE0-E847-4599-839F-53D8FEBBF642}.Debug|x64.Deploy.0 = Debug|x64
		{AB96DEE0-E847-4599-839F-53D8FEBBF642}.Debug|x86.ActiveCfg = Debug|Win32
		{AB96DEE0-E847-4599-839F-53D8FEBBF642}.Debug|x86.Build.0 = Debug|Win32
		{AB96DEE0-E847-4599-839F-53D8FEBBF642}.Debug|x86.Deploy.0 = Debug|Win32
		{AB96DEE0-E847-4599-839F-53D8FEBBF642}.Release|ARM.ActiveCfg = Release|Win32
		{AB96DEE0-E847-4599-839F-53D8FEBBF642}.Release|ARM64.ActiveCfg = Release|Win32
		{AB96DEE0-E847-4599-839F-53D8FEBBF642}.Release|x64.ActiveCfg = Release|x64
		{AB96DEE0-E847-4599-839F-53D8FEBBF642}.Release|x64.Build.0 = Release|x64
		{AB96DEE0-E847-4599-839F-53D8FEBBF642}.Release|x64.Deploy.0 = Release|x64
		{AB96DEE0-E847-4599-839F-53D8FEBBF642}.Release|x86.ActiveCfg = Release|Win32
		{AB96DEE0-E847-4599-839F-53D8FEBBF642}.Release|x86.Build.0 = Release|Win32
		{AB96DEE0-E847-4599-839F-53D8FEBBF642}.Release|x86.Deploy.0 = Release|Win32
		{AAB89327-74C6-4E19-A6FF-8B44CD1D4735}.Debug|ARM.ActiveCfg = Debug|Win32
		{AAB89327-74C6-4E19-A6FF-8B44CD1D4735}.Debug|ARM64.ActiveCfg = Debug|Win32
		{AAB89327-74C6-4E19-A6FF-8B44CD1D4735}.Debug|x64.ActiveCfg = Debug|x64
		{AAB89327-74C6-4E19-A6FF-8B44CD1D4735}.Debug|x64.Build.0 = Debug|x64
		{AAB89327-74C6-4E19-A6FF-8B44CD1D4735}.Debug|x64.Deploy.0 = Debug|x64
		{AAB89327-74C6-4E19-A6FF-8B44CD1D4735}.Debug|x86.ActiveCfg = Debug|Win32
		{AAB89327-74C6-4E19-A6FF-8B44CD1D4735}.Debug|x86.Build.0 = Debug|Win32
		{AAB89327-74C6-4E19-A6FF-8B44CD1D4735}.Debug|x86.Deploy.0 = Debug|Win32
		{AAB89327-74C6-4E19-A6FF-8B44CD1D4735}.Release|ARM.ActiveCfg = Release|Win32
		{AAB89327-74C6-4E19-A6FF-8B44CD1D4735}.Release|ARM64.ActiveCfg = Release|Win32
		{AAB89327-74C6-4E19-A6FF-8B44CD1D4735}.Release|x64.ActiveCfg = Release|x64
		{AAB89327-74C6-4E19-A6FF-8B44CD1D4735}.Release|x64.Build.0 = Release|x64
		{AAB89327-74C6-4E19-A6FF-8B44CD1D4735}.Release|x64.Deploy.0 = Release|x64
		{AAB89327-74C6-4E19-A6FF-8B44CD1D4735}.Release|x86.ActiveCfg = Release|Win32
		{AAB89327-74C6-4E19-A6FF-8B44CD1D4735}.Release|x86.Build.0 = Release|Win32
		{AAB89327-74C6-4E19-A6FF-8B44CD1D4735}.Release|x86.Deploy.0 = Release|Win32
		{171FBBF5-154E-4B59-B708-45CE8D8467C0}.Debug|ARM.ActiveCfg = Debug|Win32
		{171FBBF5-154E-4B59-B708-45CE8D8467C0}.Debug|ARM64.ActiveCfg = Debug|Win32
		{171FBBF5-154E-4B59-B708-45CE8D8467C0}.Debug|x64.ActiveCfg = Debug|x64
		{171FBBF5-154E-4B59-B708-45CE8D8467C0}.Debug|x64.Build.0 = Debug|x64
		{171FBBF5-154E-4B59-B708-45CE8D8467C0}.Debug|x86.ActiveCfg = Debug|Win32
		{171FBBF5-154E-4B59-B708-45CE8D8467C0}.Debug|x86.Build.0 = Debug|Win32
		{171FBBF5-154E-4B59-B708-45CE8D8467C0}.Release|ARM.ActiveCfg = Release|Win32
		{171FBBF5-154E-4B59-B708-45CE8D8467C0}.Release|ARM64.ActiveCfg = Release|Win32
		{171FBBF5-154E-4B59-B708-45CE8D8467C0}.Release|x64.ActiveCfg = Release|x64
		{171FBBF5-154E-4B59-B708-45CE8D8467C0}.Release|x64.Build.0 = Release|x64
		{171FBBF5-154E-4B59-B708-45CE8D8467C0}.Release|x86.ActiveCfg = Release|Win32
		{171FBBF5-154E-4B59-B708-45CE8D8467C0}.Release|x86.Build.0 = Release|Win32
		{9191A678-CF8D-4245-9BE6-02671F2650BE}.Debug|ARM.ActiveCfg = Debug|Win32
		{9191A678-CF8D-4245-9BE6-02671F2650BE}.Debug|ARM64.ActiveCfg = Debug|Win32
		{9191A678-CF8D-4245-9BE6-02671F2650BE}.Debug|x64.ActiveCfg = Debug|x64
		{9191A678-CF8D-4245-9BE6-02671F2650BE}.Debug|x64.Build.0 = Debug|x64
		{9191A678-CF8D-4245-9BE6-02671F2650BE}.Debug|x64.Deploy.0 = Debug|x64
		{9191A678-CF8D-4245-9BE6-02671F2650BE}.Debug|x86.ActiveCfg = Debug|Win32
		{9191A678-CF8D-4245-9BE6-02671F2650BE}.Debug|x86.Build.0 = Debug|Win32
		{9191A678-CF8D-4245-9BE6-02671F2650BE}.Debug|x86.Deploy.0 = Debug|Win32
		{9191A678-CF8D-4245-9BE6-02671F2650BE}.Release|ARM.ActiveCfg = Release|Win32
		{9191A678-CF8D-4245-9BE6-02671F2650BE}.Release|ARM64.ActiveCfg = Release|Win32
		{9191A678-CF8D-4245-9BE6-02671F2650BE}.Release|x64.ActiveCfg = Release|x64
		{9191A678-CF8D-4245-9BE6-02671F2650BE}.Release|x64.Build.0 = Release|x64
		{9191A678-CF8D-4245-9BE6-02671F2650BE}.Release|x64.Deploy.0 = Release|x64
		{9191A678-CF8D-4245-9BE6-02671F2650BE}.Release|x86.ActiveCfg = Release|Win32
		{9191A678-CF8D-4245-9BE6-02671F2650BE}.Release|x86.Build.0 = Release|Win32
		{9191A678-CF8D-4245-9BE6-02671F2650BE}.Release|x86.Deploy.0 = Release|Win32
		{0E6E145D-20F5-4937-8309-A28BB2A648C7}.Debug|ARM.ActiveCfg = Debug|Win32
		{0E6E145D-20F5-4937-8309-A28BB2A648C7}.Debug|ARM64.ActiveCfg = Debug|Win32
		{0E6E145D-20F5-4937-8309-A28BB2A648C7}.Debug|x64.ActiveCfg = Debug|x64
		{0E6E145D-20F5-4937-8309-A28BB2A648C7}.Debug|x64.Build.0 = Debug|x64
		{0E6E145D-20F5-4937-8309-A28BB2A648C7}.Debug|x64.Deploy.0 = Debug|x64
		{0E6E145D-20F5-4937-8309-A28BB2A648C7}.Debug|x86.ActiveCfg = Debug|Win32
		{0E6E145D-20F5-4937-8309-A28BB2A648C7}.Debug|x86.Build.0 = Debug|Win32
		{0E6E145D-20F5-4937-8309-A28BB2A648C7}.Debug|x86.Deploy.0 = Debug|Win32
		{0E6E145D-20F5-4937-8309-A28BB2A648C7}.Release|ARM.ActiveCfg = Release|Win32
		{0E6E145D-20F5-4937-8309-A28BB2A648C7}.Release|ARM64.ActiveCfg = Release|Win32
		{0E6E145D-20F5-4937-8309-A28BB2A648C7}.Release|x64.ActiveCfg = Release|x64
		{0E6E145D-20F5-4937-8309-A28BB2A648C7}.Release|x64.Build.0 = Release|x64
		{0E6E145D-20F5-4937-8309-A28BB2A648C7}.Release|x64.Deploy.0 = Release|x64
		{0E6E145D-20F5-4937-8309-A28BB2A648C7}.Release|x86.ActiveCfg = Release|Win32
		{0E6E145D-20F5-4937-8309-A28BB2A648C7}.Release|x86.Build.0 = Release|Win32
		{0E6E145D-20F5-4937-8309-A28BB2A648C7}.Release|x86.Deploy.0 = Release|Win32
		{6C21EE03-B194-41AE-B4D4-36FEAFA508AC}.Debug|ARM.ActiveCfg = Debug|Win32
		{6C21EE03-B194-41AE-B4D4-36FEAFA508AC}.Debug|ARM64.ActiveCfg = Debug|Win32
		{6C21EE03-B194-41AE-B4D4-36FEAFA508AC}.Debug|x64.ActiveCfg = Debug|x64
		{6C21EE03-B194-41AE-B4D4-36FEAFA508AC}.Debug|x64.Build.0 = Debug|x64
		{6C21EE03-B194-41AE-B4D4-36FEAFA508AC}.Debug|x64.Deploy.0 = Debug|x64
		{6C21EE03-B194-41AE-B4D4-36FEAFA508AC}.Debug|x86.ActiveCfg = Debug|Win32
		{6C21EE03-B194-41AE-B4D4-36FEAFA508AC}.Debug|x86.Build.0 = Debug|Win32
		{6C21EE03-B194-41AE-B4D4-36FEAFA508AC}.Debug|x86.Deploy.0 = Debug|Win32
		{6C21EE03-B194-41AE-B4D4-36FEAFA508AC}.Release|ARM.ActiveCfg = Release|Win32
		{6C21EE03-B194-41AE-B4D4-36FEAFA508AC}.Release|ARM64.ActiveCfg = Release|Win32
		{6C21EE03-B194-41AE-B4D4-36FEAFA508AC}.Release|x64.ActiveCfg = Release|x64
		{6C21EE03-B194-41AE-B4D4-36FEAFA508AC}.Release|x64.Build.0 = Release|x64
		{6C21EE03-B194-41AE-B4D4-36FEAFA508AC}.Release|x64.Deploy.0 = Release|x64
		{6C21EE03-B194-41AE-B4D4-36FEAFA508AC}.Release|x86.ActiveCfg = Release|Win32
		{6C21EE03-B194-41AE-B4D4-36FEAFA508AC}.Release|x86.Build.0 = Release|Win32
		{6C21EE03-B194-41AE-B4D4-36FEAFA508AC}.Release|x86.Deploy.0 = Release|Win32
		{64A7D438-18FA-44E6-9A48-560A46747401}.Debug|ARM.ActiveCfg = Debug|ARM
		{64A7D438-18FA-44E6-9A48-560A46747401}.Debug|ARM.Build.0 = Debug|ARM
		{64A7D438-18FA-44E6-9A48-560A46747401}.Debug|ARM.Deploy.0 = Debug|ARM
		{64A7D438-18FA-44E6-9A48-560A46747401}.Debug|ARM64.ActiveCfg = Debug|ARM64
		{64A7D438-18FA-44E6-9A48-560A46747401}.Debug|ARM64.Build.0 = Debug|ARM64
		{64A7D438-18FA-44E6-9A48-560A46747401}.Debug|ARM64.Deploy.0 = Debug|ARM64
		{64A7D438-18FA-44E6-9A48-560A46747401}.Debug|x64.ActiveCfg = Debug|x64
		{64A7D438-18FA-44E6-9A48-560A46747401}.Debug|x64.Build.0 = Debug|x64
		{64A7D438-18FA-44E6-9A48-560A46747401}.Debug|x64.Deploy.0 = Debug|x64
		{64A7D438-18FA-44E6-9A48-560A46747401}.Debug|x86.ActiveCfg = Debug|Win32
		{64A7D438-18FA-44E6-9A48-560A46747401}.Debug|x86.Build.0 = Debug|Win32
		{64A7D438-18FA-44E6-9A48-560A46747401}.Debug|x86.Deploy.0 = Debug|Win32
		{64A7D438-18FA-44E6-9A48-560A46747401}.Release|ARM.ActiveCfg = Release|ARM
		{64A7D438-18FA-44E6-9A48-560A46747401}.Release|ARM.Build.0 = Release|ARM
		{64A7D438-18FA-44E6-9A48-560A46747401}.Release|ARM.Deploy.0 = Release|ARM
		{64A7D438-18FA-44E6-9A48-560A46747401}.Release|ARM64.ActiveCfg = Release|ARM64
		{64A7D438-18FA-44E6-9A48-560A46747401}.Release|ARM64.Build.0 = Release|ARM64
		{64A7D438-18FA-44E6-9A48-560A46747401}.Release|ARM64.Deploy.0 = Release|ARM64
		{64A7D438-18FA-44E6-9A48-560A46747401}.Release|x64.ActiveCfg = Release|x64
		{64A7D438-18FA-44E6-9A48-560A46747401}.Release|x64.Build.0 = Release|x64
		{64A7D438-18FA-44E6-9A48-560A46747401}.Release|x64.Deploy.0 = Release|x64
		{64A7D438-18FA-44E6-9A48-560A46747401}.Release|x86.ActiveCfg = Release|Win32
		{64A7D438-18FA-44E6-9A48-560A46747401}.Release|x86.Build.0 = Release|Win32
		{64A7D438-18FA-44E6-9A48-560A46747401}.Release|x86.Deploy.0 = Release|Win32
		{EC6168C1-37D0-4710-B69D-6C4EDCA783B4}.Debug|ARM.ActiveCfg = Debug|ARM
		{EC6168C1-37D0-4710-B69D-6C4EDCA783B4}.Debug|ARM.Build.0 = Debug|ARM
		{EC6168C1-37D0-4710-B69D-6C4EDCA783B4}.Debug|ARM.Deploy.0 = Debug|ARM
		{EC6168C1-37D0-4710-B69D-6C4EDCA783B4}.Debug|ARM64.ActiveCfg = Debug|ARM64
		{EC6168C1-37D0-4710-B69D-6C4EDCA783B4}.Debug|ARM64.Build.0 = Debug|ARM64
		{EC6168C1-37D0-4710-B69D-6C4EDCA783B4}.Debug|ARM64.Deploy.0 = Debug|ARM64
		{EC6168C1-37D0-4710-B69D-6C4EDCA783B4}.Debug|x64.ActiveCfg = Debug|x64
		{EC6168C1-37D0-4710-B69D-6C4EDCA783B4}.Debug|x64.Build.0 = Debug|x64
		{EC6168C1-37D0-4710-B69D-6C4EDCA783B4}.Debug|x64.Deploy.0 = Debug|x64
		{EC6168C1-37D0-4710-B69D-6C4EDCA783B4}.Debug|x86.ActiveCfg = Debug|Win32
		{EC6168C1-37D0-4710-B69D-6C4EDCA783B4}.Debug|x86.Build.0 = Debug|Win32
		{EC6168C1-37D0-4710-B69D-6C4EDCA783B4}.Debug|x86.Deploy.0 = Debug|Win32
		{EC6168C1-37D0-4710-B69D-6C4EDCA783B4}.Release|ARM.ActiveCfg = Release|ARM
		{EC6168C1-37D0-4710-B69D-6C4EDCA783B4}.Release|ARM.Build.0 = Release|ARM
		{EC6168C1-37D0-4710-B69D-6C4EDCA783B4}.Release|ARM.Deploy.0 = Release|ARM
		{EC6168C1-37D0-4710-B69D-6C4EDCA783B4}.Release|ARM64.ActiveCfg = Release|ARM64
		{EC6168C1-37D0-4710-B69D-6C4EDCA783B4}.Release|ARM64.Build.0 = Release|ARM64
		{EC6168C1-37D0-4710-B69D-6C4EDCA783B4}.Release|ARM64.Deploy.0 = Release|ARM64
		{EC6168C1-37D0-4710-B69D-6C4EDCA783B4}.Release|x64.ActiveCfg = Release|x64
		{EC6168C1-37D0-4710-B69D-6C4EDCA783B4}.Release|x64.Build.0 = Release|x64
		{EC6168C1-37D0-4710-B69D-6C4EDCA783B4}.Release|x64.Deploy.0 = Release|x64
		{EC6168C1-37D0-4710-B69D-6C4EDCA783B4}.Release|x86.ActiveCfg = Release|Win32
		{EC6168C1-37D0-4710-B69D-6C4EDCA783B4}.Release|x86.Build.0 = Release|Win32
		{EC6168C1-37D0-4710-B69D-6C4EDCA783B4}.Release|x86.Deploy.0 = Release|Win32
		{FC972981-1F62-4064-BBDC-B23D8E73B9C5}.Debug|ARM.ActiveCfg = Debug|ARM
		{FC972981-1F62-4064-BBDC-B23D8E73B9C5}.Debug|ARM.Build.0 = Debug|ARM
		{FC972981-1F62-4064-BBDC-B23D8E73B9C5}.Debug|ARM.Deploy.0 = Debug|ARM
		{FC972981-1F62-4064-BBDC-B23D8E73B9C5}.Debug|ARM64.ActiveCfg = Debug|ARM64
		{FC972981-1F62-4064-BBDC-B23D8E73B9C5}.Debug|ARM64.Build.0 = Debug|ARM64
		{FC972981-1F62-4064-BBDC-B23D8E73B9C5}.Debug|ARM64.Deploy.0 = Debug|ARM64
		{FC972981-1F62-4064-BBDC-B23D8E73B9C5}.Debug|x64.ActiveCfg = Debug|x64
		{FC972981-1F62-4064-BBDC-B23D8E73B9C5}.Debug|x64.Build.0 = Debug|x64
		{FC972981-1F62-4064-BBDC-B23D8E73B9C5}.Debug|x64.Deploy.0 = Debug|x64
		{FC972981-1F62-4064-BBDC-B23D8E73B9C5}.Debug|x86.ActiveCfg = Debug|Win32
		{FC972981-1F62-4064-BBDC-B23D8E73B9C5}.Debug|x86.Build.0 = Debug|Win32
		{FC972981-1F62-4064-BBDC-B23D8E73B9C5}.Debug|x86.Deploy.0 = Debug|Win32
		{FC972981-1F62-4064-BBDC-B23D8E73B9C5}.Release|ARM.ActiveCfg = Release|ARM
		{FC972981-1F62-4064-BBDC-B23D8E73B9C5}.Release|ARM.Build.0 = Release|ARM
		{FC972981-1F62-4064-BBDC-B23D8E73B9C5}.Release|ARM.Deploy.0 = Release|ARM
		{FC972981-1F62-4064-BBDC-B23D8E73B9C5}.Release|ARM64.ActiveCfg = Release|ARM64
		{FC972981-1F62-4064-BBDC-B23D8E73B9C5}.Release|ARM64.Build.0 = Release|ARM64
		{FC972981-1F62-4064-BBDC-B23D8E73B9C5}.Release|ARM64.Deploy.0 = Release|ARM64
		{FC972981-1F62-4064-BBDC-B23D8E73B9C5}.Release|x64.ActiveCfg = Release|x64
		{FC972981-1F62-4064-BBDC-B23D8E73B9C5}.Release|x64.Build.0 = Release|x64
		{FC972981-1F62-4064-BBDC-B23D8E73B9C5}.Release|x64.Deploy.0 = Release|x64
		{FC972981-1F62-4064-BBDC-B23D8E73B9C5}.Release|x86.ActiveCfg = Release|Win32
		{FC972981-1F62-4064-BBDC-B23D8E73B9C5}.Release|x86.Build.0 = Release|Win32
		{FC972981-1F62-4064-BBDC-B23D8E73B9C5}.Release|x86.Deploy.0 = Release|Win32
		{3E6D958A-41CA-494C-83E9-93C44347F853}.Debug|ARM.ActiveCfg = Debug|ARM
		{3E6D958A-41CA-494C-83E9-93C44347F853}.Debug|ARM.Build.0 = Debug|ARM
		{3E6D958A-41CA-494C-83E9-93C44347F853}.Debug|ARM.Deploy.0 = Debug|ARM
		{3E6D958A-41CA-494C-83E9-93C44347F853}.Debug|ARM64.ActiveCfg = Debug|ARM64
		{3E6D958A-41CA-494C-83E9-93C44347F853}.Debug|ARM64.Build.0 = Debug|ARM64
		{3E6D958A-41CA-494C-83E9-93C44347F853}.Debug|ARM64.Deploy.0 = Debug|ARM64
		{3E6D958A-41CA-494C-83E9-93C44347F853}.Debug|x64.ActiveCfg = Debug|x64
		{3E6D958A-41CA-494C-83E9-93C44347F853}.Debug|x64.Build.0 = Debug|x64
		{3E6D958A-41CA-494C-83E9-93C44347F853}.Debug|x64.Deploy.0 = Debug|x64
		{3E6D958A-41CA-494C-83E9-93C44347F853}.Debug|x86.ActiveCfg = Debug|Win32
		{3E6D958A-41CA-494C-83E9-93C44347F853}.Debug|x86.Build.0 = Debug|Win32
		{3E6D958A-41CA-494C-83E9-93C44347F853}.Debug|x86.Deploy.0 = Debug|Win32
		{3E6D958A-41CA-494C-83E9-93C44347F853}.Release|ARM.ActiveCfg = Release|ARM
		{3E6D958A-41CA-494C-83E9-93C44347F853}.Release|ARM.Build.0 = Release|ARM
		{3E6D958A-41CA-494C-83E9-93C44347F853}.Release|ARM.Deploy.0 = Release|ARM
		{3E6D958A-41CA-494C-83E9-93C44347F853}.Release|ARM64.ActiveCfg = Release|ARM64
		{3E6D958A-41CA-494C-83E9-93C44347F853}.Release|ARM64.Build.0 = Release|ARM64
		{3E6D958A-41CA-494C-83E9-93C44347F853}.Release|ARM64.Deploy.0 = Release|ARM64
		{3E6D958A-41CA-494C-83E9-93C44347F853}.Release|x64.ActiveCfg = Release|x64
		{3E6D958A-41CA-494C-83E9-93C44347F853}.Release|x64.Build.0 = Release|x64
		{3E6D958A-41CA-494C-83E9-93C44347F853}.Release|x64.Deploy.0 = Release|x64
		{3E6D958A-41CA-494C-83E9-93C44347F853}.Release|x86.ActiveCfg = Release|Win32
		{3E6D958A-41CA-494C-83E9-93C44347F853}.Release|x86.Build.0 = Release|Win32
		{3E6D958A-41CA-494C-83E9-93C44347F853}.Release|x86.Deploy.0 = Release|Win32
		{DC6799CF-C5FE-4690-80E7-4C2A7676B7DA}.Debug|ARM.ActiveCfg = Debug|ARM
		{DC6799CF-C5FE-4690-80E7-4C2A7676B7DA}.Debug|ARM.Build.0 = Debug|ARM
		{DC6799CF-C5FE-4690-80E7-4C2A7676B7DA}.Debug|ARM.Deploy.0 = Debug|ARM
		{DC6799CF-C5FE-4690-80E7-4C2A7676B7DA}.Debug|ARM64.ActiveCfg = Debug|ARM64
		{DC6799CF-C5FE-4690-80E7-4C2A7676B7DA}.Debug|ARM64.Build.0 = Debug|ARM64
		{DC6799CF-C5FE-4690-80E7-4C2A7676B7DA}.Debug|ARM64.Deploy.0 = Debug|ARM64
		{DC6799CF-C5FE-4690-80E7-4C2A7676B7DA}.Debug|x64.ActiveCfg = Debug|x64
		{DC6799CF-C5FE-4690-80E7-4C2A7676B7DA}.Debug|x64.Build.0 = Debug|x64
		{DC6799CF-C5FE-4690-80E7-4C2A7676B7DA}.Debug|x64.Deploy.0 = Debug|x64
		{DC6799CF-C5FE-4690-80E7-4C2A7676B7DA}.Debug|x86.ActiveCfg = Debug|Win32
		{DC6799CF-C5FE-4690-80E7-4C2A7676B7DA}.Debug|x86.Build.0 = Debug|Win32
		{DC6799CF-C5FE-4690-80E7-4C2A7676B7DA}.Debug|x86.Deploy.0 = Debug|Win32
		{DC6799CF-C5FE-4690-80E7-4C2A7676B7DA}.Release|ARM.ActiveCfg = Release|ARM
		{DC6799CF-C5FE-4690-80E7-4C2A7676B7DA}.Release|ARM.Build.0 = Release|ARM
		{DC6799CF-C5FE-4690-80E7-4C2A7676B7DA}.Release|ARM.Deploy.0 = Release|ARM
		{DC6799CF-C5FE-4690-80E7-4C2A7676B7DA}.Release|ARM64.ActiveCfg = Release|ARM64
		{DC6799CF-C5FE-4690-80E7-4C2A7676B7DA}.Release|ARM64.Build.0 = Release|ARM64
		{DC6799CF-C5FE-4690-80E7-4C2A7676B7DA}.Release|ARM64.Deploy.0 = Release|ARM64
		{DC6799CF-C5FE-4690-80E7-4C2A7676B7DA}.Release|x64.ActiveCfg = Release|x64
		{DC6799CF-C5FE-4690-80E7-4C2A7676B7DA}.Release|x64.Build.0 = Release|x64
		{DC6799CF-C5FE-4690-80E7-4C2A7676B7DA}.Release|x64.Deploy.0 = Release|x64
		{DC6799CF-C5FE-4690-80E7-4C2A7676B7DA}.Release|x86.ActiveCfg = Release|Win32
		{DC6799CF-C5FE-4690-80E7-4C2A7676B7DA}.Release|x86.Build.0 = Release|Win32
		{DC6799CF-C5FE-4690-80E7-4C2A7676B7DA}.Release|x86.Deploy.0 = Release|Win32
		{3292C362-44D5-4E1B-A6D5-D7316A12AC91}.Debug|ARM.ActiveCfg = Debug|ARM
		{3292C362-44D5-4E1B-A6D5-D7316A12AC91}.Debug|ARM.Build.0 = Debug|ARM
		{3292C362-44D5-4E1B-A6D5-D7316A12AC91}.Debug|ARM.Deploy.0 = Debug|ARM
		{3292C362-44D5-4E1B-A6D5-D7316A12AC91}.Debug|ARM64.ActiveCfg = Debug|ARM64
		{3292C362-44D5-4E1B-A6D5-D7316A12AC91}.Debug|ARM64.Build.0 = Debug|ARM64
		{3292C362-44D5-4E1B-A6D5-D7316A12AC91}.Debug|ARM64.Deploy.0 = Debug|ARM64
		{3292C362-44D5-4E1B-A6D5-D7316A12AC91}.Debug|x64.ActiveCfg = Debug|x64
		{3292C362-44D5-4E1B-A6D5-D7316A12AC91}.Debug|x64.Build.0 = Debug|x64
		{3292C362-44D5-4E1B-A6D5-D7316A12AC91}.Debug|x64.Deploy.0 = Debug|x64
		{3292C362-44D5-4E1B-A6D5-D7316A12AC91}.Debug|x86.ActiveCfg = Debug|Win32
		{3292C362-44D5-4E1B-A6D5-D7316A12AC91}.Debug|x86.Build.0 = Debug|Win32
		{3292C362-44D5-4E1B-A6D5-D7316A12AC91}.Debug|x86.Deploy.0 = Debug|Win32
		{3292C362-44D5-4E1B-A6D5-D7316A12AC91}.Release|ARM.ActiveCfg = Release|ARM
		{3292C362-44D5-4E1B-A6D5-D7316A12AC91}.Release|ARM.Build.0 = Release|ARM
		{3292C362-44D5-4E1B-A6D5-D7316A12AC91}.Release|ARM.Deploy.0 = Release|ARM
		{3292C362-44D5-4E1B-A6D5-D7316A12AC91}.Release|ARM64.ActiveCfg = Release|ARM64
		{3292C362-44D5-4E1B-A6D5-D7316A12AC91}.Release|ARM64.Build.0 = Release|ARM64
		{3292C362-44D5-4E1B-A6D5-D7316A12AC91}.Release|ARM64.Deploy.0 = Release|ARM64
		{3292C362-44D5-4E1B-A6D5-D7316A12AC91}.Release|x64.ActiveCfg = Release|x64
		{3292C362-44D5-4E1B-A6D5-D7316A12AC91}.Release|x64.Build.0 = Release|x64
		{3292C362-44D5-4E1B-A6D5-D7316A12AC91}.Release|x64.Deploy.0 = Release|x64
		{3292C362-44D5-4E1B-A6D5-D7316A12AC91}.Release|x86.ActiveCfg = Release|Win32
		{3292C362-44D5-4E1B-A6D5-D7316A12AC91}.Release|x86.Build.0 = Release|Win32
		{3292C362-44D5-4E1B-A6D5-D7316A12AC91}.Release|x86.Deploy.0 = Release|Win32
		{8188AFD2-D9C8-400E-94CA-2078DC9CA28F}.Debug|ARM.ActiveCfg = Debug|ARM
		{8188AFD2-D9C8-400E-94CA-2078DC9CA28F}.Debug|ARM.Build.0 = Debug|ARM
		{8188AFD2-D9C8-400E-94CA-2078DC9CA28F}.Debug|ARM.Deploy.0 = Debug|ARM
		{8188AFD2-D9C8-400E-94CA-2078DC9CA28F}.Debug|ARM64.ActiveCfg = Debug|ARM64
		{8188AFD2-D9C8-400E-94CA-2078DC9CA28F}.Debug|ARM64.Build.0 = Debug|ARM64
		{8188AFD2-D9C8-400E-94CA-2078DC9CA28F}.Debug|ARM64.Deploy.0 = Debug|ARM64
		{8188AFD2-D9C8-400E-94CA-2078DC9CA28F}.Debug|x64.ActiveCfg = Debug|x64
		{8188AFD2-D9C8-400E-94CA-2078DC9CA28F}.Debug|x64.Build.0 = Debug|x64
		{8188AFD2-D9C8-400E-94CA-2078DC9CA28F}.Debug|x64.Deploy.0 = Debug|x64
		{8188AFD2-D9C8-400E-94CA-2078DC9CA28F}.Debug|x86.ActiveCfg = Debug|Win32
		{8188AFD2-D9C8-400E-94CA-2078DC9CA28F}.Debug|x86.Build.0 = Debug|Win32
		{8188AFD2-D9C8-400E-94CA-2078DC9CA28F}.Debug|x86.Deploy.0 = Debug|Win32
		{8188AFD2-D9C8-400E-94CA-2078DC9CA28F}.Release|ARM.ActiveCfg = Release|ARM
		{8188AFD2-D9C8-400E-94CA-2078DC9CA28F}.Release|ARM.Build.0 = Release|ARM
		{8188AFD2-D9C8-400E-94CA-2078DC9CA28F}.Release|ARM.Deploy.0 = Release|ARM
		{8188AFD2-D9C8-400E-94CA-2078DC9CA28F}.Release|ARM64.ActiveCfg = Release|ARM64
		{8188AFD2-D9C8-400E-94CA-2078DC9CA28F}.Release|ARM64.Build.0 = Release|ARM64
		{8188AFD2-D9C8-400E-94CA-2078DC9CA28F}.Release|ARM64.Deploy.0 = Release|ARM64
		{8188AFD2-D9C8-400E-94CA-2078DC9CA28F}.Release|x64.ActiveCfg = Release|x64
		{8188AFD2-D9C8-400E-94CA-2078DC9CA28F}.Release|x64.Build.0 = Release|x64
		{8188AFD2-D9C8-400E-94CA-2078DC9CA28F}.Release|x64.Deploy.0 = Release|x64
		{8188AFD2-D9C8-400E-94CA-2078DC9CA28F}.Release|x86.ActiveCfg = Release|Win32
		{8188AFD2-D9C8-400E-94CA-2078DC9CA28F}.Release|x86.Build.0 = Release|Win32
		{8188AFD2-D9C8-400E-94CA-2078DC9CA28F}.Release|x86.Deploy.0 = Release|Win32
	EndGlobalSection
	GlobalSection(SolutionProperties) = preSolution
		HideSolutionNode = FALSE
	EndGlobalSection
	GlobalSection(ExtensibilityGlobals) = postSolution
		SolutionGuid = {4A796FF9-8580-4DCC-997E-4BA8FF8BB048}
	EndGlobalSection
EndGlobal
